lockfileVersion: '9.0'

settings:
  autoInstallPeers: true
  excludeLinksFromLockfile: false

importers:

  .:
    dependencies:
      '@types/markdown-it':
        specifier: ^14.1.2
        version: 14.1.2
      lucide-vue-next:
        specifier: ^0.563.0
        version: 0.563.0(vue@3.5.28)
      markdown-it:
        specifier: ^14.1.1
        version: 14.1.1
      vue:
        specifier: ^3.5.28
        version: 3.5.28
      vue-router:
        specifier: ^5.0.2
        version: 5.0.2(@vue/compiler-sfc@3.5.28)(vue@3.5.28)
    devDependencies:
      autoprefixer:
        specifier: ^10.4.24
        version: 10.4.24(postcss@8.5.6)
      postcss:
        specifier: ^8.5.6
        version: 8.5.6
      tailwindcss:
        specifier: ^4.1.18
        version: 4.1.18

packages:

  '@babel/generator@7.29.1':
    resolution: {integrity: sha512-qsaF+9Qcm2Qv8SRIMMscAvG4O3lJ0F1GuMo5HR/Bp02LopNgnZBC/EkbevHFeGs4ls/oPz9v+Bsmzbkbe+0dUw==}
    engines: {node: '>=6.9.0'}

  '@babel/helper-string-parser@7.27.1':
    resolution: {integrity: sha512-qMlSxKbpRlAridDExk92nSobyDdpPijUq2DW6oDnUqd0iOGxmQjyqhMIihI9+zv4LPyZdRje2cavWPbCbWm3eA==}
    engines: {node: '>=6.9.0'}

  '@babel/helper-validator-identifier@7.28.5':
    resolution: {integrity: sha512-qSs4ifwzKJSV39ucNjsvc6WVHs6b7S03sOh2OcHF9UHfVPqWWALUsNUVzhSBiItjRZoLHx7nIarVjqKVusUZ1Q==}
    engines: {node: '>=6.9.0'}

  '@babel/parser@7.29.0':
    resolution: {integrity: sha512-IyDgFV5GeDUVX4YdF/3CPULtVGSXXMLh1xVIgdCgxApktqnQV0r7/8Nqthg+8YLGaAtdyIlo2qIdZrbCv4+7ww==}
    engines: {node: '>=6.0.0'}
    hasBin: true

  '@babel/types@7.29.0':
    resolution: {integrity: sha512-LwdZHpScM4Qz8Xw2iKSzS+cfglZzJGvofQICy7W7v4caru4EaAmyUuO6BGrbyQ2mYV11W0U8j5mBhd14dd3B0A==}
    engines: {node: '>=6.9.0'}

  '@jridgewell/gen-mapping@0.3.13':
    resolution: {integrity: sha512-2kkt/7niJ6MgEPxF0bYdQ6etZaA+fQvDcLKckhy1yIQOzaoKjBBjSj63/aLVjYE3qhRt5dvM+uUyfCg6UKCBbA==}

  '@jridgewell/remapping@2.3.5':
    resolution: {integrity: sha512-LI9u/+laYG4Ds1TDKSJW2YPrIlcVYOwi2fUC6xB43lueCjgxV4lffOCZCtYFiH6TNOX+tQKXx97T4IKHbhyHEQ==}

  '@jridgewell/resolve-uri@3.1.2':
    resolution: {integrity: sha512-bRISgCIjP20/tbWSPWMEi54QVPRZExkuD9lJL+UIxUKtwVJA8wW1Trb1jMs1RFXo1CBTNZ/5hpC9QvmKWdopKw==}
    engines: {node: '>=6.0.0'}

  '@jridgewell/sourcemap-codec@1.5.5':
    resolution: {integrity: sha512-cYQ9310grqxueWbl+WuIUIaiUaDcj7WOq5fVhEljNVgRfOUhY9fy2zTvfoqWsnebh8Sl70VScFbICvJnLKB0Og==}

  '@jridgewell/trace-mapping@0.3.31':
    resolution: {integrity: sha512-zzNR+SdQSDJzc8joaeP8QQoCQr8NuYx2dIIytl1QeBEZHJ9uW6hebsrYgbz8hJwUQao3TWCMtmfV8Nu1twOLAw==}

  '@types/linkify-it@5.0.0':
    resolution: {integrity: sha512-sVDA58zAw4eWAffKOaQH5/5j3XeayukzDk+ewSsnv3p4yJEZHCCzMDiZM8e0OUrRvmpGZ85jf4yDHkHsgBNr9Q==}

  '@types/markdown-it@14.1.2':
    resolution: {integrity: sha512-promo4eFwuiW+TfGxhi+0x3czqTYJkG8qB17ZUJiVF10Xm7NLVRSLUsfRTU/6h1e24VvRnXCx+hG7li58lkzog==}

  '@types/mdurl@2.0.0':
    resolution: {integrity: sha512-RGdgjQUZba5p6QEFAVx2OGb8rQDL/cPRG7GiedRzMcJ1tYnUANBncjbSB1NRGwbvjcPeikRABz2nshyPk1bhWg==}

  '@vue-macros/common@3.1.2':
    resolution: {integrity: sha512-h9t4ArDdniO9ekYHAD95t9AZcAbb19lEGK+26iAjUODOIJKmObDNBSe4+6ELQAA3vtYiFPPBtHh7+cQCKi3Dng==}
    engines: {node: '>=20.19.0'}
    peerDependencies:
      vue: ^2.7.0 || ^3.2.25
    peerDependenciesMeta:
      vue:
        optional: true

  '@vue/compiler-core@3.5.28':
    resolution: {integrity: sha512-kviccYxTgoE8n6OCw96BNdYlBg2GOWfBuOW4Vqwrt7mSKWKwFVvI8egdTltqRgITGPsTFYtKYfxIG8ptX2PJHQ==}

  '@vue/compiler-dom@3.5.28':
    resolution: {integrity: sha512-/1ZepxAb159jKR1btkefDP+J2xuWL5V3WtleRmxaT+K2Aqiek/Ab/+Ebrw2pPj0sdHO8ViAyyJWfhXXOP/+LQA==}

  '@vue/compiler-sfc@3.5.28':
    resolution: {integrity: sha512-6TnKMiNkd6u6VeVDhZn/07KhEZuBSn43Wd2No5zaP5s3xm8IqFTHBj84HJah4UepSUJTro5SoqqlOY22FKY96g==}

  '@vue/compiler-ssr@3.5.28':
    resolution: {integrity: sha512-JCq//9w1qmC6UGLWJX7RXzrGpKkroubey/ZFqTpvEIDJEKGgntuDMqkuWiZvzTzTA5h2qZvFBFHY7fAAa9475g==}

  '@vue/devtools-api@8.0.6':
    resolution: {integrity: sha512-+lGBI+WTvJmnU2FZqHhEB8J1DXcvNlDeEalz77iYgOdY1jTj1ipSBaKj3sRhYcy+kqA8v/BSuvOz1XJucfQmUA==}

  '@vue/devtools-kit@8.0.6':
    resolution: {integrity: sha512-9zXZPTJW72OteDXeSa5RVML3zWDCRcO5t77aJqSs228mdopYj5AiTpihozbsfFJ0IodfNs7pSgOGO3qfCuxDtw==}

  '@vue/devtools-shared@8.0.6':
    resolution: {integrity: sha512-Pp1JylTqlgMJvxW6MGyfTF8vGvlBSCAvMFaDCYa82Mgw7TT5eE5kkHgDvmOGHWeJE4zIDfCpCxHapsK2LtIAJg==}

  '@vue/reactivity@3.5.28':
    resolution: {integrity: sha512-gr5hEsxvn+RNyu9/9o1WtdYdwDjg5FgjUSBEkZWqgTKlo/fvwZ2+8W6AfKsc9YN2k/+iHYdS9vZYAhpi10kNaw==}

  '@vue/runtime-core@3.5.28':
    resolution: {integrity: sha512-POVHTdbgnrBBIpnbYU4y7pOMNlPn2QVxVzkvEA2pEgvzbelQq4ZOUxbp2oiyo+BOtiYlm8Q44wShHJoBvDPAjQ==}

  '@vue/runtime-dom@3.5.28':
    resolution: {integrity: sha512-4SXxSF8SXYMuhAIkT+eBRqOkWEfPu6nhccrzrkioA6l0boiq7sp18HCOov9qWJA5HML61kW8p/cB4MmBiG9dSA==}

  '@vue/server-renderer@3.5.28':
    resolution: {integrity: sha512-pf+5ECKGj8fX95bNincbzJ6yp6nyzuLDhYZCeFxUNp8EBrQpPpQaLX3nNCp49+UbgbPun3CeVE+5CXVV1Xydfg==}
    peerDependencies:
      vue: 3.5.28

  '@vue/shared@3.5.28':
    resolution: {integrity: sha512-cfWa1fCGBxrvaHRhvV3Is0MgmrbSCxYTXCSCau2I0a1Xw1N1pHAvkWCiXPRAqjvToILvguNyEwjevUqAuBQWvQ==}

  acorn@8.15.0:
    resolution: {integrity: sha512-NZyJarBfL7nWwIq+FDL6Zp/yHEhePMNnnJ0y3qfieCrmNvYct8uvtiV41UvlSe6apAfk0fY1FbWx+NwfmpvtTg==}
    engines: {node: '>=0.4.0'}
    hasBin: true

  argparse@2.0.1:
    resolution: {integrity: sha512-8+9WqebbFzpX9OR+Wa6O29asIogeRMzcGtAINdpMHHyAg10f05aSFVBbcEqGf/PXw1EjAZ+q2/bEBg3DvurK3Q==}

  ast-kit@2.2.0:
    resolution: {integrity: sha512-m1Q/RaVOnTp9JxPX+F+Zn7IcLYMzM8kZofDImfsKZd8MbR+ikdOzTeztStWqfrqIxZnYWryyI9ePm3NGjnZgGw==}
    engines: {node: '>=20.19.0'}

  ast-walker-scope@0.8.3:
    resolution: {integrity: sha512-cbdCP0PGOBq0ASG+sjnKIoYkWMKhhz+F/h9pRexUdX2Hd38+WOlBkRKlqkGOSm0YQpcFMQBJeK4WspUAkwsEdg==}
    engines: {node: '>=20.19.0'}

  autoprefixer@10.4.24:
    resolution: {integrity: sha512-uHZg7N9ULTVbutaIsDRoUkoS8/h3bdsmVJYZ5l3wv8Cp/6UIIoRDm90hZ+BwxUj/hGBEzLxdHNSKuFpn8WOyZw==}
    engines: {node: ^10 || ^12 || >=14}
    hasBin: true
    peerDependencies:
      postcss: ^8.1.0

  baseline-browser-mapping@2.9.19:
    resolution: {integrity: sha512-ipDqC8FrAl/76p2SSWKSI+H9tFwm7vYqXQrItCuiVPt26Km0jS+NzSsBWAaBusvSbQcfJG+JitdMm+wZAgTYqg==}
    hasBin: true

  birpc@2.9.0:
    resolution: {integrity: sha512-KrayHS5pBi69Xi9JmvoqrIgYGDkD6mcSe/i6YKi3w5kekCLzrX4+nawcXqrj2tIp50Kw/mT/s3p+GVK0A0sKxw==}

  browserslist@4.28.1:
    resolution: {integrity: sha512-ZC5Bd0LgJXgwGqUknZY/vkUQ04r8NXnJZ3yYi4vDmSiZmC/pdSN0NbNRPxZpbtO4uAfDUAFffO8IZoM3Gj8IkA==}
    engines: {node: ^6 || ^7 || ^8 || ^9 || ^10 || ^11 || ^12 || >=13.7}
    hasBin: true

  caniuse-lite@1.0.30001769:
    resolution: {integrity: sha512-BCfFL1sHijQlBGWBMuJyhZUhzo7wer5sVj9hqekB/7xn0Ypy+pER/edCYQm4exbXj4WiySGp40P8UuTh6w1srg==}

  chokidar@5.0.0:
    resolution: {integrity: sha512-TQMmc3w+5AxjpL8iIiwebF73dRDF4fBIieAqGn9RGCWaEVwQ6Fb2cGe31Yns0RRIzii5goJ1Y7xbMwo1TxMplw==}
    engines: {node: '>= 20.19.0'}

  confbox@0.1.8:
    resolution: {integrity: sha512-RMtmw0iFkeR4YV+fUOSucriAQNb9g8zFR52MWCtl+cCZOFRNL6zeB395vPzFhEjjn4fMxXudmELnl/KF/WrK6w==}

  confbox@0.2.4:
    resolution: {integrity: sha512-ysOGlgTFbN2/Y6Cg3Iye8YKulHw+R2fNXHrgSmXISQdMnomY6eNDprVdW9R5xBguEqI954+S6709UyiO7B+6OQ==}

  copy-anything@4.0.5:
    resolution: {integrity: sha512-7Vv6asjS4gMOuILabD3l739tsaxFQmC+a7pLZm02zyvs8p977bL3zEgq3yDk5rn9B0PbYgIv++jmHcuUab4RhA==}
    engines: {node: '>=18'}

  csstype@3.2.3:
    resolution: {integrity: sha512-z1HGKcYy2xA8AGQfwrn0PAy+PB7X/GSj3UVJW9qKyn43xWa+gl5nXmU4qqLMRzWVLFC8KusUX8T/0kCiOYpAIQ==}

  electron-to-chromium@1.5.286:
    resolution: {integrity: sha512-9tfDXhJ4RKFNerfjdCcZfufu49vg620741MNs26a9+bhLThdB+plgMeou98CAaHu/WATj2iHOOHTp1hWtABj2A==}

  entities@4.5.0:
    resolution: {integrity: sha512-V0hjH4dGPh9Ao5p0MoRY6BVqtwCjhz6vI5LT8AJ55H+4g9/4vbHx1I54fS0XuclLhDHArPQCiMjDxjaL8fPxhw==}
    engines: {node: '>=0.12'}

  entities@7.0.1:
    resolution: {integrity: sha512-TWrgLOFUQTH994YUyl1yT4uyavY5nNB5muff+RtWaqNVCAK408b5ZnnbNAUEWLTCpum9w6arT70i1XdQ4UeOPA==}
    engines: {node: '>=0.12'}

  escalade@3.2.0:
    resolution: {integrity: sha512-WUj2qlxaQtO4g6Pq5c29GTcWGDyd8itL8zTlipgECz3JesAiiOKotd8JU6otB3PACgG6xkJUyVhboMS+bje/jA==}
    engines: {node: '>=6'}

  estree-walker@2.0.2:
    resolution: {integrity: sha512-Rfkk/Mp/DL7JVje3u18FxFujQlTNR2q6QfMSMB7AvCBx91NGj/ba3kCfza0f6dVDbw7YlRf/nDrn7pQrCCyQ/w==}

  exsolve@1.0.8:
    resolution: {integrity: sha512-LmDxfWXwcTArk8fUEnOfSZpHOJ6zOMUJKOtFLFqJLoKJetuQG874Uc7/Kki7zFLzYybmZhp1M7+98pfMqeX8yA==}

  fdir@6.5.0:
    resolution: {integrity: sha512-tIbYtZbucOs0BRGqPJkshJUYdL+SDH7dVM8gjy+ERp3WAUjLEFJE+02kanyHtwjWOnwrKYBiwAmM0p4kLJAnXg==}
    engines: {node: '>=12.0.0'}
    peerDependencies:
      picomatch: ^3 || ^4
    peerDependenciesMeta:
      picomatch:
        optional: true

  fraction.js@5.3.4:
    resolution: {integrity: sha512-1X1NTtiJphryn/uLQz3whtY6jK3fTqoE3ohKs0tT+Ujr1W59oopxmoEh7Lu5p6vBaPbgoM0bzveAW4Qi5RyWDQ==}

  hookable@5.5.3:
    resolution: {integrity: sha512-Yc+BQe8SvoXH1643Qez1zqLRmbA5rCL+sSmk6TVos0LWVfNIB7PGncdlId77WzLGSIB5KaWgTaNTs2lNVEI6VQ==}

  is-what@5.5.0:
    resolution: {integrity: sha512-oG7cgbmg5kLYae2N5IVd3jm2s+vldjxJzK1pcu9LfpGuQ93MQSzo0okvRna+7y5ifrD+20FE8FvjusyGaz14fw==}
    engines: {node: '>=18'}

  jsesc@3.1.0:
    resolution: {integrity: sha512-/sM3dO2FOzXjKQhJuo0Q173wf2KOo8t4I8vHy6lF9poUp7bKT0/NHE8fPX23PwfhnykfqnC2xRxOnVw5XuGIaA==}
    engines: {node: '>=6'}
    hasBin: true

  json5@2.2.3:
    resolution: {integrity: sha512-XmOWe7eyHYH14cLdVPoyg+GOH3rYX++KpzrylJwSW98t3Nk+U8XOl8FWKOgwtzdb8lXGf6zYwDUzeHMWfxasyg==}
    engines: {node: '>=6'}
    hasBin: true

  linkify-it@5.0.0:
    resolution: {integrity: sha512-5aHCbzQRADcdP+ATqnDuhhJ/MRIqDkZX5pyjFHRRysS8vZ5AbqGEoFIb6pYHPZ+L/OC2Lc+xT8uHVVR5CAK/wQ==}

  local-pkg@1.1.2:
    resolution: {integrity: sha512-arhlxbFRmoQHl33a0Zkle/YWlmNwoyt6QNZEIJcqNbdrsix5Lvc4HyyI3EnwxTYlZYc32EbYrQ8SzEZ7dqgg9A==}
    engines: {node: '>=14'}

  lucide-vue-next@0.563.0:
    resolution: {integrity: sha512-zsE/lCKtmaa7bGfhSpN84br1K9YoQ5pCN+2oKWjQQG3Lo6ufUUKBuHSjNFI6RvUevxaajNXb8XwFUKeTXG3sIA==}
    peerDependencies:
      vue: '>=3.0.1'

  magic-string-ast@1.0.3:
    resolution: {integrity: sha512-CvkkH1i81zl7mmb94DsRiFeG9V2fR2JeuK8yDgS8oiZSFa++wWLEgZ5ufEOyLHbvSbD1gTRKv9NdX69Rnvr9JA==}
    engines: {node: '>=20.19.0'}

  magic-string@0.30.21:
    resolution: {integrity: sha512-vd2F4YUyEXKGcLHoq+TEyCjxueSeHnFxyyjNp80yg0XV4vUhnDer/lvvlqM/arB5bXQN5K2/3oinyCRyx8T2CQ==}

  markdown-it@14.1.1:
    resolution: {integrity: sha512-BuU2qnTti9YKgK5N+IeMubp14ZUKUUw7yeJbkjtosvHiP0AZ5c8IAgEMk79D0eC8F23r4Ac/q8cAIFdm2FtyoA==}
    hasBin: true

  mdurl@2.0.0:
    resolution: {integrity: sha512-Lf+9+2r+Tdp5wXDXC4PcIBjTDtq4UKjCPMQhKIuzpJNW0b96kVqSwW0bT7FhRSfmAiFYgP+SCRvdrDozfh0U5w==}

  mitt@3.0.1:
    resolution: {integrity: sha512-vKivATfr97l2/QBCYAkXYDbrIWPM2IIKEl7YPhjCvKlG3kE2gm+uBo6nEXK3M5/Ffh/FLpKExzOQ3JJoJGFKBw==}

  mlly@1.8.0:
    resolution: {integrity: sha512-l8D9ODSRWLe2KHJSifWGwBqpTZXIXTeo8mlKjY+E2HAakaTeNpqAyBZ8GSqLzHgw4XmHmC8whvpjJNMbFZN7/g==}

  muggle-string@0.4.1:
    resolution: {integrity: sha512-VNTrAak/KhO2i8dqqnqnAHOa3cYBwXEZe9h+D5h/1ZqFSTEFHdM65lR7RoIqq3tBBYavsOXV84NoHXZ0AkPyqQ==}

  nanoid@3.3.11:
    resolution: {integrity: sha512-N8SpfPUnUp1bK+PMYW8qSWdl9U+wwNWI4QKxOYDy9JAro3WMX7p2OeVRF9v+347pnakNevPmiHhNmZ2HbFA76w==}
    engines: {node: ^10 || ^12 || ^13.7 || ^14 || >=15.0.1}
    hasBin: true

  node-releases@2.0.27:
    resolution: {integrity: sha512-nmh3lCkYZ3grZvqcCH+fjmQ7X+H0OeZgP40OierEaAptX4XofMh5kwNbWh7lBduUzCcV/8kZ+NDLCwm2iorIlA==}

  pathe@2.0.3:
    resolution: {integrity: sha512-WUjGcAqP1gQacoQe+OBJsFA7Ld4DyXuUIjZ5cc75cLHvJ7dtNsTugphxIADwspS+AraAUePCKrSVtPLFj/F88w==}

  perfect-debounce@2.1.0:
    resolution: {integrity: sha512-LjgdTytVFXeUgtHZr9WYViYSM/g8MkcTPYDlPa3cDqMirHjKiSZPYd6DoL7pK8AJQr+uWkQvCjHNdiMqsrJs+g==}

  picocolors@1.1.1:
    resolution: {integrity: sha512-xceH2snhtb5M9liqDsmEw56le376mTZkEX/jEb/RxNFyegNul7eNslCXP9FDj/Lcu0X8KEyMceP2ntpaHrDEVA==}

  picomatch@4.0.3:
    resolution: {integrity: sha512-5gTmgEY/sqK6gFXLIsQNH19lWb4ebPDLA4SdLP7dsWkIXHWlG66oPuVvXSGFPppYZz8ZDZq0dYYrbHfBCVUb1Q==}
    engines: {node: '>=12'}

  pkg-types@1.3.1:
    resolution: {integrity: sha512-/Jm5M4RvtBFVkKWRu2BLUTNP8/M2a+UwuAX+ae4770q1qVGtfjG+WTCupoZixokjmHiry8uI+dlY8KXYV5HVVQ==}

  pkg-types@2.3.0:
    resolution: {integrity: sha512-SIqCzDRg0s9npO5XQ3tNZioRY1uK06lA41ynBC1YmFTmnY6FjUjVt6s4LoADmwoig1qqD0oK8h1p/8mlMx8Oig==}

  postcss-value-parser@4.2.0:
    resolution: {integrity: sha512-1NNCs6uurfkVbeXG4S8JFT9t19m45ICnif8zWLd5oPSZ50QnwMfK+H3jv408d4jw/7Bttv5axS5IiHoLaVNHeQ==}

  postcss@8.5.6:
    resolution: {integrity: sha512-3Ybi1tAuwAP9s0r1UQ2J4n5Y0G05bJkpUIO0/bI9MhwmD70S5aTWbXGBwxHrelT+XM1k6dM0pk+SwNkpTRN7Pg==}
    engines: {node: ^10 || ^12 || >=14}

  punycode.js@2.3.1:
    resolution: {integrity: sha512-uxFIHU0YlHYhDQtV4R9J6a52SLx28BCjT+4ieh7IGbgwVJWO+km431c4yRlREUAsAmt/uMjQUyQHNEPf0M39CA==}
    engines: {node: '>=6'}

  quansync@0.2.11:
    resolution: {integrity: sha512-AifT7QEbW9Nri4tAwR5M/uzpBuqfZf+zwaEM/QkzEjj7NBuFD2rBuy0K3dE+8wltbezDV7JMA0WfnCPYRSYbXA==}

  readdirp@5.0.0:
    resolution: {integrity: sha512-9u/XQ1pvrQtYyMpZe7DXKv2p5CNvyVwzUB6uhLAnQwHMSgKMBR62lc7AHljaeteeHXn11XTAaLLUVZYVZyuRBQ==}
    engines: {node: '>= 20.19.0'}

  rfdc@1.4.1:
    resolution: {integrity: sha512-q1b3N5QkRUWUl7iyylaaj3kOpIT0N2i9MqIEQXP73GVsN9cw3fdx8X63cEmWhJGi2PPCF23Ijp7ktmd39rawIA==}

  scule@1.3.0:
    resolution: {integrity: sha512-6FtHJEvt+pVMIB9IBY+IcCJ6Z5f1iQnytgyfKMhDKgmzYG+TeH/wx1y3l27rshSbLiSanrR9ffZDrEsmjlQF2g==}

  source-map-js@1.2.1:
    resolution: {integrity: sha512-UXWMKhLOwVKb728IUtQPXxfYU+usdybtUrK/8uGE8CQMvrhOpwvzDBwj0QhSL7MQc7vIsISBG8VQ8+IDQxpfQA==}
    engines: {node: '>=0.10.0'}

  speakingurl@14.0.1:
    resolution: {integrity: sha512-1POYv7uv2gXoyGFpBCmpDVSNV74IfsWlDW216UPjbWufNf+bSU6GdbDsxdcxtfwb4xlI3yxzOTKClUosxARYrQ==}
    engines: {node: '>=0.10.0'}

  superjson@2.2.6:
    resolution: {integrity: sha512-H+ue8Zo4vJmV2nRjpx86P35lzwDT3nItnIsocgumgr0hHMQ+ZGq5vrERg9kJBo5AWGmxZDhzDo+WVIJqkB0cGA==}
    engines: {node: '>=16'}

  tailwindcss@4.1.18:
    resolution: {integrity: sha512-4+Z+0yiYyEtUVCScyfHCxOYP06L5Ne+JiHhY2IjR2KWMIWhJOYZKLSGZaP5HkZ8+bY0cxfzwDE5uOmzFXyIwxw==}

  tinyglobby@0.2.15:
    resolution: {integrity: sha512-j2Zq4NyQYG5XMST4cbs02Ak8iJUdxRM0XI5QyxXuZOzKOINmWurp3smXu3y5wDcJrptwpSjgXHzIQxR0omXljQ==}
    engines: {node: '>=12.0.0'}

  uc.micro@2.1.0:
    resolution: {integrity: sha512-ARDJmphmdvUk6Glw7y9DQ2bFkKBHwQHLi2lsaH6PPmz/Ka9sFOBsBluozhDltWmnv9u/cF6Rt87znRTPV+yp/A==}

  ufo@1.6.3:
    resolution: {integrity: sha512-yDJTmhydvl5lJzBmy/hyOAA0d+aqCBuwl818haVdYCRrWV84o7YyeVm4QlVHStqNrrJSTb6jKuFAVqAFsr+K3Q==}

  unplugin-utils@0.3.1:
    resolution: {integrity: sha512-5lWVjgi6vuHhJ526bI4nlCOmkCIF3nnfXkCMDeMJrtdvxTs6ZFCM8oNufGTsDbKv/tJ/xj8RpvXjRuPBZJuJog==}
    engines: {node: '>=20.19.0'}

  unplugin@3.0.0:
    resolution: {integrity: sha512-0Mqk3AT2TZCXWKdcoaufeXNukv2mTrEZExeXlHIOZXdqYoHHr4n51pymnwV8x2BOVxwXbK2HLlI7usrqMpycdg==}
    engines: {node: ^20.19.0 || >=22.12.0}

  update-browserslist-db@1.2.3:
    resolution: {integrity: sha512-Js0m9cx+qOgDxo0eMiFGEueWztz+d4+M3rGlmKPT+T4IS/jP4ylw3Nwpu6cpTTP8R1MAC1kF4VbdLt3ARf209w==}
    hasBin: true
    peerDependencies:
      browserslist: '>= 4.21.0'

  vue-router@5.0.2:
    resolution: {integrity: sha512-YFhwaE5c5JcJpNB1arpkl4/GnO32wiUWRB+OEj1T0DlDxEZoOfbltl2xEwktNU/9o1sGcGburIXSpbLpPFe/6w==}
    peerDependencies:
      '@pinia/colada': '>=0.21.2'
      '@vue/compiler-sfc': ^3.5.17
      pinia: ^3.0.4
      vue: ^3.5.0
    peerDependenciesMeta:
      '@pinia/colada':
        optional: true
      '@vue/compiler-sfc':
        optional: true
      pinia:
        optional: true

  vue@3.5.28:
    resolution: {integrity: sha512-BRdrNfeoccSoIZeIhyPBfvWSLFP4q8J3u8Ju8Ug5vu3LdD+yTM13Sg4sKtljxozbnuMu1NB1X5HBHRYUzFocKg==}
    peerDependencies:
      typescript: '*'
    peerDependenciesMeta:
      typescript:
        optional: true

  webpack-virtual-modules@0.6.2:
    resolution: {integrity: sha512-66/V2i5hQanC51vBQKPH4aI8NMAcBW59FVBs+rC7eGHupMyfn34q7rZIE+ETlJ+XTevqfUhVVBgSUNSW2flEUQ==}

  yaml@2.8.2:
    resolution: {integrity: sha512-mplynKqc1C2hTVYxd0PU2xQAc22TI1vShAYGksCCfxbn/dFwnHTNi1bvYsBTkhdUNtGIf5xNOg938rrSSYvS9A==}
    engines: {node: '>= 14.6'}
    hasBin: true

snapshots:

  '@babel/generator@7.29.1':
    dependencies:
      '@babel/parser': 7.29.0
      '@babel/types': 7.29.0
      '@jridgewell/gen-mapping': 0.3.13
      '@jridgewell/trace-mapping': 0.3.31
      jsesc: 3.1.0

  '@babel/helper-string-parser@7.27.1': {}

  '@babel/helper-validator-identifier@7.28.5': {}

  '@babel/parser@7.29.0':
    dependencies:
      '@babel/types': 7.29.0

  '@babel/types@7.29.0':
    dependencies:
      '@babel/helper-string-parser': 7.27.1
      '@babel/helper-validator-identifier': 7.28.5

  '@jridgewell/gen-mapping@0.3.13':
    dependencies:
      '@jridgewell/sourcemap-codec': 1.5.5
      '@jridgewell/trace-mapping': 0.3.31

  '@jridgewell/remapping@2.3.5':
    dependencies:
      '@jridgewell/gen-mapping': 0.3.13
      '@jridgewell/trace-mapping': 0.3.31

  '@jridgewell/resolve-uri@3.1.2': {}

  '@jridgewell/sourcemap-codec@1.5.5': {}

  '@jridgewell/trace-mapping@0.3.31':
    dependencies:
      '@jridgewell/resolve-uri': 3.1.2
      '@jridgewell/sourcemap-codec': 1.5.5

  '@types/linkify-it@5.0.0': {}

  '@types/markdown-it@14.1.2':
    dependencies:
      '@types/linkify-it': 5.0.0
      '@types/mdurl': 2.0.0

  '@types/mdurl@2.0.0': {}

  '@vue-macros/common@3.1.2(vue@3.5.28)':
    dependencies:
      '@vue/compiler-sfc': 3.5.28
      ast-kit: 2.2.0
      local-pkg: 1.1.2
      magic-string-ast: 1.0.3
      unplugin-utils: 0.3.1
    optionalDependencies:
      vue: 3.5.28

  '@vue/compiler-core@3.5.28':
    dependencies:
      '@babel/parser': 7.29.0
      '@vue/shared': 3.5.28
      entities: 7.0.1
      estree-walker: 2.0.2
      source-map-js: 1.2.1

  '@vue/compiler-dom@3.5.28':
    dependencies:
      '@vue/compiler-core': 3.5.28
      '@vue/shared': 3.5.28

  '@vue/compiler-sfc@3.5.28':
    dependencies:
      '@babel/parser': 7.29.0
      '@vue/compiler-core': 3.5.28
      '@vue/compiler-dom': 3.5.28
      '@vue/compiler-ssr': 3.5.28
      '@vue/shared': 3.5.28
      estree-walker: 2.0.2
      magic-string: 0.30.21
      postcss: 8.5.6
      source-map-js: 1.2.1

  '@vue/compiler-ssr@3.5.28':
    dependencies:
      '@vue/compiler-dom': 3.5.28
      '@vue/shared': 3.5.28

  '@vue/devtools-api@8.0.6':
    dependencies:
      '@vue/devtools-kit': 8.0.6

  '@vue/devtools-kit@8.0.6':
    dependencies:
      '@vue/devtools-shared': 8.0.6
      birpc: 2.9.0
      hookable: 5.5.3
      mitt: 3.0.1
      perfect-debounce: 2.1.0
      speakingurl: 14.0.1
      superjson: 2.2.6

  '@vue/devtools-shared@8.0.6':
    dependencies:
      rfdc: 1.4.1

  '@vue/reactivity@3.5.28':
    dependencies:
      '@vue/shared': 3.5.28

  '@vue/runtime-core@3.5.28':
    dependencies:
      '@vue/reactivity': 3.5.28
      '@vue/shared': 3.5.28

  '@vue/runtime-dom@3.5.28':
    dependencies:
      '@vue/reactivity': 3.5.28
      '@vue/runtime-core': 3.5.28
      '@vue/shared': 3.5.28
      csstype: 3.2.3

  '@vue/server-renderer@3.5.28(vue@3.5.28)':
    dependencies:
      '@vue/compiler-ssr': 3.5.28
      '@vue/shared': 3.5.28
      vue: 3.5.28

  '@vue/shared@3.5.28': {}

  acorn@8.15.0: {}

  argparse@2.0.1: {}

  ast-kit@2.2.0:
    dependencies:
      '@babel/parser': 7.29.0
      pathe: 2.0.3

  ast-walker-scope@0.8.3:
    dependencies:
      '@babel/parser': 7.29.0
      ast-kit: 2.2.0

  autoprefixer@10.4.24(postcss@8.5.6):
    dependencies:
      browserslist: 4.28.1
      caniuse-lite: 1.0.30001769
      fraction.js: 5.3.4
      picocolors: 1.1.1
      postcss: 8.5.6
      postcss-value-parser: 4.2.0

  baseline-browser-mapping@2.9.19: {}

  birpc@2.9.0: {}

  browserslist@4.28.1:
    dependencies:
      baseline-browser-mapping: 2.9.19
      caniuse-lite: 1.0.30001769
      electron-to-chromium: 1.5.286
      node-releases: 2.0.27
      update-browserslist-db: 1.2.3(browserslist@4.28.1)

  caniuse-lite@1.0.30001769: {}

  chokidar@5.0.0:
    dependencies:
      readdirp: 5.0.0

  confbox@0.1.8: {}

  confbox@0.2.4: {}

  copy-anything@4.0.5:
    dependencies:
      is-what: 5.5.0

  csstype@3.2.3: {}

  electron-to-chromium@1.5.286: {}

  entities@4.5.0: {}

  entities@7.0.1: {}

  escalade@3.2.0: {}

  estree-walker@2.0.2: {}

  exsolve@1.0.8: {}

  fdir@6.5.0(picomatch@4.0.3):
    optionalDependencies:
      picomatch: 4.0.3

  fraction.js@5.3.4: {}

  hookable@5.5.3: {}

  is-what@5.5.0: {}

  jsesc@3.1.0: {}

  json5@2.2.3: {}

  linkify-it@5.0.0:
    dependencies:
      uc.micro: 2.1.0

  local-pkg@1.1.2:
    dependencies:
      mlly: 1.8.0
      pkg-types: 2.3.0
      quansync: 0.2.11

  lucide-vue-next@0.563.0(vue@3.5.28):
    dependencies:
      vue: 3.5.28

  magic-string-ast@1.0.3:
    dependencies:
      magic-string: 0.30.21

  magic-string@0.30.21:
    dependencies:
      '@jridgewell/sourcemap-codec': 1.5.5

  markdown-it@14.1.1:
    dependencies:
      argparse: 2.0.1
      entities: 4.5.0
      linkify-it: 5.0.0
      mdurl: 2.0.0
      punycode.js: 2.3.1
      uc.micro: 2.1.0

  mdurl@2.0.0: {}

  mitt@3.0.1: {}

  mlly@1.8.0:
    dependencies:
      acorn: 8.15.0
      pathe: 2.0.3
      pkg-types: 1.3.1
      ufo: 1.6.3

  muggle-string@0.4.1: {}

  nanoid@3.3.11: {}

  node-releases@2.0.27: {}

  pathe@2.0.3: {}

  perfect-debounce@2.1.0: {}

  picocolors@1.1.1: {}

  picomatch@4.0.3: {}

  pkg-types@1.3.1:
    dependencies:
      confbox: 0.1.8
      mlly: 1.8.0
      pathe: 2.0.3

  pkg-types@2.3.0:
    dependencies:
      confbox: 0.2.4
      exsolve: 1.0.8
      pathe: 2.0.3

  postcss-value-parser@4.2.0: {}

  postcss@8.5.6:
    dependencies:
      nanoid: 3.3.11
      picocolors: 1.1.1
      source-map-js: 1.2.1

  punycode.js@2.3.1: {}

  quansync@0.2.11: {}

  readdirp@5.0.0: {}

  rfdc@1.4.1: {}

  scule@1.3.0: {}

  source-map-js@1.2.1: {}

  speakingurl@14.0.1: {}

  superjson@2.2.6:
    dependencies:
      copy-anything: 4.0.5

  tailwindcss@4.1.18: {}

  tinyglobby@0.2.15:
    dependencies:
      fdir: 6.5.0(picomatch@4.0.3)
      picomatch: 4.0.3

  uc.micro@2.1.0: {}

  ufo@1.6.3: {}

  unplugin-utils@0.3.1:
    dependencies:
      pathe: 2.0.3
      picomatch: 4.0.3

  unplugin@3.0.0:
    dependencies:
      '@jridgewell/remapping': 2.3.5
      picomatch: 4.0.3
      webpack-virtual-modules: 0.6.2

  update-browserslist-db@1.2.3(browserslist@4.28.1):
    dependencies:
      browserslist: 4.28.1
      escalade: 3.2.0
      picocolors: 1.1.1

  vue-router@5.0.2(@vue/compiler-sfc@3.5.28)(vue@3.5.28):
    dependencies:
      '@babel/generator': 7.29.1
      '@vue-macros/common': 3.1.2(vue@3.5.28)
      '@vue/devtools-api': 8.0.6
      ast-walker-scope: 0.8.3
      chokidar: 5.0.0
      json5: 2.2.3
      local-pkg: 1.1.2
      magic-string: 0.30.21
      mlly: 1.8.0
      muggle-string: 0.4.1
      pathe: 2.0.3
      picomatch: 4.0.3
      scule: 1.3.0
      tinyglobby: 0.2.15
      unplugin: 3.0.0
      unplugin-utils: 0.3.1
      vue: 3.5.28
      yaml: 2.8.2
    optionalDependencies:
      '@vue/compiler-sfc': 3.5.28

  vue@3.5.28:
    dependencies:
      '@vue/compiler-dom': 3.5.28
      '@vue/compiler-sfc': 3.5.28
      '@vue/runtime-dom': 3.5.28
      '@vue/server-renderer': 3.5.28(vue@3.5.28)
      '@vue/shared': 3.5.28

  webpack-virtual-modules@0.6.2: {}

  yaml@2.8.2: {}
